// !$*UTF8*$!
{
	archiveVersion = 1;
	classes = {
	};
	objectVersion = 50;
	objects = {

/* Begin PBXBuildFile section */
		9B0E0473214EAF41004D28B4 /* AppDelegate.swift in Sources */ = {isa = PBXBuildFile; fileRef = 9B0E0472214EAF41004D28B4 /* AppDelegate.swift */; };
		9B0E0475214EAF41004D28B4 /* ViewControllerB.swift in Sources */ = {isa = PBXBuildFile; fileRef = 9B0E0474214EAF41004D28B4 /* ViewControllerB.swift */; };
		9B0E0478214EAF41004D28B4 /* Main.storyboard in Resources */ = {isa = PBXBuildFile; fileRef = 9B0E0476214EAF41004D28B4 /* Main.storyboard */; };
		9B0E047B214EAF41004D28B4 /* NotifyMe.xcdatamodeld in Sources */ = {isa = PBXBuildFile; fileRef = 9B0E0479214EAF41004D28B4 /* NotifyMe.xcdatamodeld */; };
		9B0E047D214EAF43004D28B4 /* Assets.xcassets in Resources */ = {isa = PBXBuildFile; fileRef = 9B0E047C214EAF43004D28B4 /* Assets.xcassets */; };
		9B0E0480214EAF43004D28B4 /* LaunchScreen.storyboard in Resources */ = {isa = PBXBuildFile; fileRef = 9B0E047E214EAF43004D28B4 /* LaunchScreen.storyboard */; };
		9B0E048B214EAF43004D28B4 /* NotifyMeTests.swift in Sources */ = {isa = PBXBuildFile; fileRef = 9B0E048A214EAF43004D28B4 /* NotifyMeTests.swift */; };
		9B0E0496214EAF43004D28B4 /* NotifyMeUITests.swift in Sources */ = {isa = PBXBuildFile; fileRef = 9B0E0495214EAF43004D28B4 /* NotifyMeUITests.swift */; };
		9B0E04A4214EB0B6004D28B4 /* ViewControllerA.swift in Sources */ = {isa = PBXBuildFile; fileRef = 9B0E04A3214EB0B6004D28B4 /* ViewControllerA.swift */; };
/* End PBXBuildFile section */

/* Begin PBXContainerItemProxy section */
		9B0E0487214EAF43004D28B4 /* PBXContainerItemProxy */ = {
			isa = PBXContainerItemProxy;
			containerPortal = 9B0E0467214EAF41004D28B4 /* Project object */;
			proxyType = 1;
			remoteGlobalIDString = 9B0E046E214EAF41004D28B4;
			remoteInfo = NotifyMe;
		};
		9B0E0492214EAF43004D28B4 /* PBXContainerItemProxy */ = {
			isa = PBXContainerItemProxy;
			containerPortal = 9B0E0467214EAF41004D28B4 /* Project object */;
			proxyType = 1;
			remoteGlobalIDString = 9B0E046E214EAF41004D28B4;
			remoteInfo = NotifyMe;
		};
/* End PBXContainerItemProxy section */

/* Begin PBXFileReference section */
		9B0E046F214EAF41004D28B4 /* NotifyMe.app */ = {isa = PBXFileReference; explicitFileType = wrapper.application; includeInIndex = 0; path = NotifyMe.app; sourceTree = BUILT_PRODUCTS_DIR; };
		9B0E0472214EAF41004D28B4 /* AppDelegate.swift */ = {isa = PBXFileReference; lastKnownFileType = sourcecode.swift; path = AppDelegate.swift; sourceTree = "<group>"; };
		9B0E0474214EAF41004D28B4 /* ViewControllerB.swift */ = {isa = PBXFileReference; lastKnownFileType = sourcecode.swift; path = ViewControllerB.swift; sourceTree = "<group>"; };
		9B0E0477214EAF41004D28B4 /* Base */ = {isa = PBXFileReference; lastKnownFileType = file.storyboard; name = Base; path = Base.lproj/Main.storyboard; sourceTree = "<group>"; };
		9B0E047A214EAF41004D28B4 /* NotifyMe.xcdatamodel */ = {isa = PBXFileReference; lastKnownFileType = wrapper.xcdatamodel; path = NotifyMe.xcdatamodel; sourceTree = "<group>"; };
		9B0E047C214EAF43004D28B4 /* Assets.xcassets */ = {isa = PBXFileReference; lastKnownFileType = folder.assetcatalog; path = Assets.xcassets; sourceTree = "<group>"; };
		9B0E047F214EAF43004D28B4 /* Base */ = {isa = PBXFileReference; lastKnownFileType = file.storyboard; name = Base; path = Base.lproj/LaunchScreen.storyboard; sourceTree = "<group>"; };
		9B0E0481214EAF43004D28B4 /* Info.plist */ = {isa = PBXFileReference; lastKnownFileType = text.plist.xml; path = Info.plist; sourceTree = "<group>"; };
		9B0E0486214EAF43004D28B4 /* NotifyMeTests.xctest */ = {isa = PBXFileReference; explicitFileType = wrapper.cfbundle; includeInIndex = 0; path = NotifyMeTests.xctest; sourceTree = BUILT_PRODUCTS_DIR; };
		9B0E048A214EAF43004D28B4 /* NotifyMeTests.swift */ = {isa = PBXFileReference; lastKnownFileType = sourcecode.swift; path = NotifyMeTests.swift; sourceTree = "<group>"; };
		9B0E048C214EAF43004D28B4 /* Info.plist */ = {isa = PBXFileReference; lastKnownFileType = text.plist.xml; path = Info.plist; sourceTree = "<group>"; };
		9B0E0491214EAF43004D28B4 /* NotifyMeUITests.xctest */ = {isa = PBXFileReference; explicitFileType = wrapper.cfbundle; includeInIndex = 0; path = NotifyMeUITests.xctest; sourceTree = BUILT_PRODUCTS_DIR; };
		9B0E0495214EAF43004D28B4 /* NotifyMeUITests.swift */ = {isa = PBXFileReference; lastKnownFileType = sourcecode.swift; path = NotifyMeUITests.swift; sourceTree = "<group>"; };
		9B0E0497214EAF43004D28B4 /* Info.plist */ = {isa = PBXFileReference; lastKnownFileType = text.plist.xml; path = Info.plist; sourceTree = "<group>"; };
		9B0E04A3214EB0B6004D28B4 /* ViewControllerA.swift */ = {isa = PBXFileReference; lastKnownFileType = sourcecode.swift; path = ViewControllerA.swift; sourceTree = "<group>"; };
/* End PBXFileReference section */

/* Begin PBXFrameworksBuildPhase section */
		9B0E046C214EAF41004D28B4 /* Frameworks */ = {
			isa = PBXFrameworksBuildPhase;
			buildActionMask = 2147483647;
			files = (
			);
			runOnlyForDeploymentPostprocessing = 0;
		};
		9B0E0483214EAF43004D28B4 /* Frameworks */ = {
			isa = PBXFrameworksBuildPhase;
			buildActionMask = 2147483647;
			files = (
			);
			runOnlyForDeploymentPostprocessing = 0;
		};
		9B0E048E214EAF43004D28B4 /* Frameworks */ = {
			isa = PBXFrameworksBuildPhase;
			buildActionMask = 2147483647;
			files = (
			);
			runOnlyForDeploymentPostprocessing = 0;
		};
/* End PBXFrameworksBuildPhase section */

/* Begin PBXGroup section */
		9B0E0466214EAF41004D28B4 = {
			isa = PBXGroup;
			children = (
				9B0E0471214EAF41004D28B4 /* NotifyMe */,
				9B0E0489214EAF43004D28B4 /* NotifyMeTests */,
				9B0E0494214EAF43004D28B4 /* NotifyMeUITests */,
				9B0E0470214EAF41004D28B4 /* Products */,
			);
			sourceTree = "<group>";
		};
		9B0E0470214EAF41004D28B4 /* Products */ = {
			isa = PBXGroup;
			children = (
				9B0E046F214EAF41004D28B4 /* NotifyMe.app */,
				9B0E0486214EAF43004D28B4 /* NotifyMeTests.xctest */,
				9B0E0491214EAF43004D28B4 /* NotifyMeUITests.xctest */,
			);
			name = Products;
			sourceTree = "<group>";
		};
		9B0E0471214EAF41004D28B4 /* NotifyMe */ = {
			isa = PBXGroup;
			children = (
				9B0E0472214EAF41004D28B4 /* AppDelegate.swift */,
				9B0E04A3214EB0B6004D28B4 /* ViewControllerA.swift */,
				9B0E0474214EAF41004D28B4 /* ViewControllerB.swift */,
				9B0E0476214EAF41004D28B4 /* Main.storyboard */,
				9B0E047C214EAF43004D28B4 /* Assets.xcassets */,
				9B0E047E214EAF43004D28B4 /* LaunchScreen.storyboard */,
				9B0E0481214EAF43004D28B4 /* Info.plist */,
				9B0E0479214EAF41004D28B4 /* NotifyMe.xcdatamodeld */,
			);
			path = NotifyMe;
			sourceTree = "<group>";
		};
		9B0E0489214EAF43004D28B4 /* NotifyMeTests */ = {
			isa = PBXGroup;
			children = (
				9B0E048A214EAF43004D28B4 /* NotifyMeTests.swift */,
				9B0E048C214EAF43004D28B4 /* Info.plist */,
			);
			path = NotifyMeTests;
			sourceTree = "<group>";
		};
		9B0E0494214EAF43004D28B4 /* NotifyMeUITests */ = {
			isa = PBXGroup;
			children = (
				9B0E0495214EAF43004D28B4 /* NotifyMeUITests.swift */,
				9B0E0497214EAF43004D28B4 /* Info.plist */,
			);
			path = NotifyMeUITests;
			sourceTree = "<group>";
		};
/* End PBXGroup section */

/* Begin PBXNativeTarget section */
		9B0E046E214EAF41004D28B4 /* NotifyMe */ = {
			isa = PBXNativeTarget;
			buildConfigurationList = 9B0E049A214EAF43004D28B4 /* Build configuration list for PBXNativeTarget "NotifyMe" */;
			buildPhases = (
				9B0E046B214EAF41004D28B4 /* Sources */,
				9B0E046C214EAF41004D28B4 /* Frameworks */,
				9B0E046D214EAF41004D28B4 /* Resources */,
			);
			buildRules = (
			);
			dependencies = (
			);
			name = NotifyMe;
			productName = NotifyMe;
			productReference = 9B0E046F214EAF41004D28B4 /* NotifyMe.app */;
			productType = "com.apple.product-type.application";
		};
		9B0E0485214EAF43004D28B4 /* NotifyMeTests */ = {
			isa = PBXNativeTarget;
			buildConfigurationList = 9B0E049D214EAF43004D28B4 /* Build configuration list for PBXNativeTarget "NotifyMeTests" */;
			buildPhases = (
				9B0E0482214EAF43004D28B4 /* Sources */,
				9B0E0483214EAF43004D28B4 /* Frameworks */,
				9B0E0484214EAF43004D28B4 /* Resources */,
			);
			buildRules = (
			);
			dependencies = (
				9B0E0488214EAF43004D28B4 /* PBXTargetDependency */,
			);
			name = NotifyMeTests;
			productName = NotifyMeTests;
			productReference = 9B0E0486214EAF43004D28B4 /* NotifyMeTests.xctest */;
			productType = "com.apple.product-type.bundle.unit-test";
		};
		9B0E0490214EAF43004D28B4 /* NotifyMeUITests */ = {
			isa = PBXNativeTarget;
			buildConfigurationList = 9B0E04A0214EAF43004D28B4 /* Build configuration list for PBXNativeTarget "NotifyMeUITests" */;
			buildPhases = (
				9B0E048D214EAF43004D28B4 /* Sources */,
				9B0E048E214EAF43004D28B4 /* Frameworks */,
				9B0E048F214EAF43004D28B4 /* Resources */,
			);
			buildRules = (
			);
			dependencies = (
				9B0E0493214EAF43004D28B4 /* PBXTargetDependency */,
			);
			name = NotifyMeUITests;
			productName = NotifyMeUITests;
			productReference = 9B0E0491214EAF43004D28B4 /* NotifyMeUITests.xctest */;
			productType = "com.apple.product-type.bundle.ui-testing";
		};
/* End PBXNativeTarget section */

/* Begin PBXProject section */
		9B0E0467214EAF41004D28B4 /* Project object */ = {
			isa = PBXProject;
			attributes = {
				LastSwiftUpdateCheck = 0940;
				LastUpgradeCheck = 0940;
				ORGANIZATIONNAME = TechJini;
				TargetAttributes = {
					9B0E046E214EAF41004D28B4 = {
						CreatedOnToolsVersion = 9.4.1;
					};
					9B0E0485214EAF43004D28B4 = {
						CreatedOnToolsVersion = 9.4.1;
						TestTargetID = 9B0E046E214EAF41004D28B4;
					};
					9B0E0490214EAF43004D28B4 = {
						CreatedOnToolsVersion = 9.4.1;
						TestTargetID = 9B0E046E214EAF41004D28B4;
					};
				};
			};
			buildConfigurationList = 9B0E046A214EAF41004D28B4 /* Build configuration list for PBXProject "NotifyMe" */;
			compatibilityVersion = "Xcode 9.3";
			developmentRegion = en;
			hasScannedForEncodings = 0;
			knownRegions = (
				en,
				Base,
			);
			mainGroup = 9B0E0466214EAF41004D28B4;
			productRefGroup = 9B0E0470214EAF41004D28B4 /* Products */;
			projectDirPath = "";
			projectRoot = "";
			targets = (
				9B0E046E214EAF41004D28B4 /* NotifyMe */,
				9B0E0485214EAF43004D28B4 /* NotifyMeTests */,
				9B0E0490214EAF43004D28B4 /* NotifyMeUITests */,
			);
		};
/* End PBXProject section */

/* Begin PBXResourcesBuildPhase section */
		9B0E046D214EAF41004D28B4 /* Resources */ = {
			isa = PBXResourcesBuildPhase;
			buildActionMask = 2147483647;
			files = (
				9B0E0480214EAF43004D28B4 /* LaunchScreen.storyboard in Resources */,
				9B0E047D214EAF43004D28B4 /* Assets.xcassets in Resources */,
				9B0E0478214EAF41004D28B4 /* Main.storyboard in Resources */,
			);
			runOnlyForDeploymentPostprocessing = 0;
		};
		9B0E0484214EAF43004D28B4 /* Resources */ = {
			isa = PBXResourcesBuildPhase;
			buildActionMask = 2147483647;
			files = (
			);
			runOnlyForDeploymentPostprocessing = 0;
		};
		9B0E048F214EAF43004D28B4 /* Resources */ = {
			isa = PBXResourcesBuildPhase;
			buildActionMask = 2147483647;
			files = (
			);
			runOnlyForDeploymentPostprocessing = 0;
		};
/* End PBXResourcesBuildPhase section */

/* Begin PBXSourcesBuildPhase section */
		9B0E046B214EAF41004D28B4 /* Sources */ = {
			isa = PBXSourcesBuildPhase;
			buildActionMask = 2147483647;
			files = (
				9B0E04A4214EB0B6004D28B4 /* ViewControllerA.swift in Sources */,
				9B0E047B214EAF41004D28B4 /* NotifyMe.xcdatamodeld in Sources */,
				9B0E0475214EAF41004D28B4 /* ViewControllerB.swift in Sources */,
				9B0E0473214EAF41004D28B4 /* AppDelegate.swift in Sources */,
			);
			runOnlyForDeploymentPostprocessing = 0;
		};
		9B0E0482214EAF43004D28B4 /* Sources */ = {
			isa = PBXSourcesBuildPhase;
			buildActionMask = 2147483647;
			files = (
				9B0E048B214EAF43004D28B4 /* NotifyMeTests.swift in Sources */,
			);
			runOnlyForDeploymentPostprocessing = 0;
		};
		9B0E048D214EAF43004D28B4 /* Sources */ = {
			isa = PBXSourcesBuildPhase;
			buildActionMask = 2147483647;
			files = (
				9B0E0496214EAF43004D28B4 /* NotifyMeUITests.swift in Sources */,
			);
			runOnlyForDeploymentPostprocessing = 0;
		};
/* End PBXSourcesBuildPhase section */

/* Begin PBXTargetDependency section */
		9B0E0488214EAF43004D28B4 /* PBXTargetDependency */ = {
			isa = PBXTargetDependency;
			target = 9B0E046E214EAF41004D28B4 /* NotifyMe */;
			targetProxy = 9B0E0487214EAF43004D28B4 /* PBXContainerItemProxy */;
		};
		9B0E0493214EAF43004D28B4 /* PBXTargetDependency */ = {
			isa = PBXTargetDependency;
			target = 9B0E046E214EAF41004D28B4 /* NotifyMe */;
			targetProxy = 9B0E0492214EAF43004D28B4 /* PBXContainerItemProxy */;
		};
/* End PBXTargetDependency section */

/* Begin PBXVariantGroup section */
		9B0E0476214EAF41004D28B4 /* Main.storyboard */ = {
			isa = PBXVariantGroup;
			children = (
				9B0E0477214EAF41004D28B4 /* Base */,
			);
			name = Main.storyboard;
			sourceTree = "<group>";
		};
		9B0E047E214EAF43004D28B4 /* LaunchScreen.storyboard */ = {
			isa = PBXVariantGroup;
			children = (
				9B0E047F214EAF43004D28B4 /* Base */,
			);
			name = LaunchScreen.storyboard;
			sourceTree = "<group>";
		};
/* End PBXVariantGroup section */

/* Begin XCBuildConfiguration section */
		9B0E0498214EAF43004D28B4 /* Debug */ = {
			isa = XCBuildConfiguration;
			buildSettings = {
				ALWAYS_SEARCH_USER_PATHS = NO;
				CLANG_ANALYZER_NONNULL = YES;
				CLANG_ANALYZER_NUMBER_OBJECT_CONVERSION = YES_AGGRESSIVE;
				CLANG_CXX_LANGUAGE_STANDARD = "gnu++14";
				CLANG_CXX_LIBRARY = "libc++";
				CLANG_ENABLE_MODULES = YES;
				CLANG_ENABLE_OBJC_ARC = YES;
				CLANG_ENABLE_OBJC_WEAK = YES;
				CLANG_WARN_BLOCK_CAPTURE_AUTORELEASING = YES;
				CLANG_WARN_BOOL_CONVERSION = YES;
				CLANG_WARN_COMMA = YES;
				CLANG_WARN_CONSTANT_CONVERSION = YES;
				CLANG_WARN_DEPRECATED_OBJC_IMPLEMENTATIONS = YES;
				CLANG_WARN_DIRECT_OBJC_ISA_USAGE = YES_ERROR;
				CLANG_WARN_DOCUMENTATION_COMMENTS = YES;
				CLANG_WARN_EMPTY_BODY = YES;
				CLANG_WARN_ENUM_CONVERSION = YES;
				CLANG_WARN_INFINITE_RECURSION = YES;
				CLANG_WARN_INT_CONVERSION = YES;
				CLANG_WARN_NON_LITERAL_NULL_CONVERSION = YES;
				CLANG_WARN_OBJC_IMPLICIT_RETAIN_SELF = YES;
				CLANG_WARN_OBJC_LITERAL_CONVERSION = YES;
				CLANG_WARN_OBJC_ROOT_CLASS = YES_ERROR;
				CLANG_WARN_RANGE_LOOP_ANALYSIS = YES;
				CLANG_WARN_STRICT_PROTOTYPES = YES;
				CLANG_WARN_SUSPICIOUS_MOVE = YES;
				CLANG_WARN_UNGUARDED_AVAILABILITY = YES_AGGRESSIVE;
				CLANG_WARN_UNREACHABLE_CODE = YES;
				CLANG_WARN__DUPLICATE_METHOD_MATCH = YES;
				CODE_SIGN_IDENTITY = "iPhone Developer";
				COPY_PHASE_STRIP = NO;
				DEBUG_INFORMATION_FORMAT = dwarf;
				ENABLE_STRICT_OBJC_MSGSEND = YES;
				ENABLE_TESTABILITY = YES;
				GCC_C_LANGUAGE_STANDARD = gnu11;
				GCC_DYNAMIC_NO_PIC = NO;
				GCC_NO_COMMON_BLOCKS = YES;
				GCC_OPTIMIZATION_LEVEL = 0;
				GCC_PREPROCESSOR_DEFINITIONS = (
					"DEBUG=1",
					"$(inherited)",
				);
				GCC_WARN_64_TO_32_BIT_CONVERSION = YES;
				GCC_WARN_ABOUT_RETURN_TYPE = YES_ERROR;
				GCC_WARN_UNDECLARED_SELECTOR = YES;
				GCC_WARN_UNINITIALIZED_AUTOS = YES_AGGRESSIVE;
				GCC_WARN_UNUSED_FUNCTION = YES;
				GCC_WARN_UNUSED_VARIABLE = YES;
				IPHONEOS_DEPLOYMENT_TARGET = 11.4;
				MTL_ENABLE_DEBUG_INFO = YES;
				ONLY_ACTIVE_ARCH = YES;
				SDKROOT = iphoneos;
				SWIFT_ACTIVE_COMPILATION_CONDITIONS = DEBUG;
				SWIFT_OPTIMIZATION_LEVEL = "-Onone";
			};
			name = Debug;
		};
		9B0E0499214EAF43004D28B4 /* Release */ = {
			isa = XCBuildConfiguration;
			buildSettings = {
				ALWAYS_SEARCH_USER_PATHS = NO;
				CLANG_ANALYZER_NONNULL = YES;
				CLANG_ANALYZER_NUMBER_OBJECT_CONVERSION = YES_AGGRESSIVE;
				CLANG_CXX_LANGUAGE_STANDARD = "gnu++14";
				CLANG_CXX_LIBRARY = "libc++";
				CLANG_ENABLE_MODULES = YES;
				CLANG_ENABLE_OBJC_ARC = YES;
				CLANG_ENABLE_OBJC_WEAK = YES;
				CLANG_WARN_BLOCK_CAPTURE_AUTORELEASING = YES;
				CLANG_WARN_BOOL_CONVERSION = YES;
				CLANG_WARN_COMMA = YES;
				CLANG_WARN_CONSTANT_CONVERSION = YES;
				CLANG_WARN_DEPRECATED_OBJC_IMPLEMENTATIONS = YES;
				CLANG_WARN_DIRECT_OBJC_ISA_USAGE = YES_ERROR;
				CLANG_WARN_DOCUMENTATION_COMMENTS = YES;
				CLANG_WARN_EMPTY_BODY = YES;
				CLANG_WARN_ENUM_CONVERSION = YES;
				CLANG_WARN_INFINITE_RECURSION = YES;
				CLANG_WARN_INT_CONVERSION = YES;
				CLANG_WARN_NON_LITERAL_NULL_CONVERSION = YES;
				CLANG_WARN_OBJC_IMPLICIT_RETAIN_SELF = YES;
				CLANG_WARN_OBJC_LITERAL_CONVERSION = YES;
				CLANG_WARN_OBJC_ROOT_CLASS = YES_ERROR;
				CLANG_WARN_RANGE_LOOP_ANALYSIS = YES;
				CLANG_WARN_STRICT_PROTOTYPES = YES;
				CLANG_WARN_SUSPICIOUS_MOVE = YES;
				CLANG_WARN_UNGUARDED_AVAILABILITY = YES_AGGRESSIVE;
				CLANG_WARN_UNREACHABLE_CODE = YES;
				CLANG_WARN__DUPLICATE_METHOD_MATCH = YES;
				CODE_SIGN_IDENTITY = "iPhone Developer";
				COPY_PHASE_STRIP = NO;
				DEBUG_INFORMATION_FORMAT = "dwarf-with-dsym";
				ENABLE_NS_ASSERTIONS = NO;
				ENABLE_STRICT_OBJC_MSGSEND = YES;
				GCC_C_LANGUAGE_STANDARD = gnu11;
				GCC_NO_COMMON_BLOCKS = YES;
				GCC_WARN_64_TO_32_BIT_CONVERSION = YES;
				GCC_WARN_ABOUT_RETURN_TYPE = YES_ERROR;
				GCC_WARN_UNDECLARED_SELECTOR = YES;
				GCC_WARN_UNINITIALIZED_AUTOS = YES_AGGRESSIVE;
				GCC_WARN_UNUSED_FUNCTION = YES;
				GCC_WARN_UNUSED_VARIABLE = YES;
				IPHONEOS_DEPLOYMENT_TARGET = 11.4;
				MTL_ENABLE_DEBUG_INFO = NO;
				SDKROOT = iphoneos;
				SWIFT_COMPILATION_MODE = wholemodule;
				SWIFT_OPTIMIZATION_LEVEL = "-O";
				VALIDATE_PRODUCT = YES;
			};
			name = Release;
		};
		9B0E049B214EAF43004D28B4 /* Debug */ = {
			isa = XCBuildConfiguration;
			buildSettings = {
				ASSETCATALOG_COMPILER_APPICON_NAME = AppIcon;
				CODE_SIGN_STYLE = Automatic;
				DEVELOPMENT_TEAM = 3GCPX5WR37;
				INFOPLIST_FILE = NotifyMe/Info.plist;
				IPHONEOS_DEPLOYMENT_TARGET = 11.0;
				LD_RUNPATH_SEARCH_PATHS = (
					"$(inherited)",
					"@executable_path/Frameworks",
				);
				PRODUCT_BUNDLE_IDENTIFIER = com.NotifyMe;
				PRODUCT_NAME = "$(TARGET_NAME)";
				SWIFT_VERSION = 4.0;
				TARGETED_DEVICE_FAMILY = "1,2";
			};
			name = Debug;
		};
		9B0E049C214EAF43004D28B4 /* Release */ = {
			isa = XCBuildConfiguration;
			buildSettings = {
				ASSETCATALOG_COMPILER_APPICON_NAME = AppIcon;
				CODE_SIGN_STYLE = Automatic;
				DEVELOPMENT_TEAM = 3GCPX5WR37;
				INFOPLIST_FILE = NotifyMe/Info.plist;
				IPHONEOS_DEPLOYMENT_TARGET = 11.0;
				LD_RUNPATH_SEARCH_PATHS = (
					"$(inherited)",
					"@executable_path/Frameworks",
				);
				PRODUCT_BUNDLE_IDENTIFIER = com.NotifyMe;
				PRODUCT_NAME = "$(TARGET_NAME)";
				SWIFT_VERSION = 4.0;
				TARGETED_DEVICE_FAMILY = "1,2";
			};
			name = Release;
		};
		9B0E049E214EAF43004D28B4 /* Debug */ = {
			isa = XCBuildConfiguration;
			buildSettings = {
				ALWAYS_EMBED_SWIFT_STANDARD_LIBRARIES = YES;
				BUNDLE_LOADER = "$(TEST_HOST)";
				CODE_SIGN_STYLE = Automatic;
				DEVELOPMENT_TEAM = 3GCPX5WR37;
				INFOPLIST_FILE = NotifyMeTests/Info.plist;
				LD_RUNPATH_SEARCH_PATHS = (
					"$(inherited)",
					"@executable_path/Frameworks",
					"@loader_path/Frameworks",
				);
				PRODUCT_BUNDLE_IDENTIFIER = com.NotifyMeTests;
				PRODUCT_NAME = "$(TARGET_NAME)";
				SWIFT_VERSION = 4.0;
				TARGETED_DEVICE_FAMILY = "1,2";
				TEST_HOST = "$(BUILT_PRODUCTS_DIR)/NotifyMe.app/NotifyMe";
			};
			name = Debug;
		};
		9B0E049F214EAF43004D28B4 /* Release */ = {
			isa = XCBuildConfiguration;
			buildSettings = {
				ALWAYS_EMBED_SWIFT_STANDARD_LIBRARIES = YES;
				BUNDLE_LOADER = "$(TEST_HOST)";
				CODE_SIGN_STYLE = Automatic;
				DEVELOPMENT_TEAM = 3GCPX5WR37;
				INFOPLIST_FILE = NotifyMeTests/Info.plist;
				LD_RUNPATH_SEARCH_PATHS = (
					"$(inherited)",
					"@executable_path/Frameworks",
					"@loader_path/Frameworks",
				);
				PRODUCT_BUNDLE_IDENTIFIER = com.NotifyMeTests;
				PRODUCT_NAME = "$(TARGET_NAME)";
				SWIFT_VERSION = 4.0;
				TARGETED_DEVICE_FAMILY = "1,2";
				TEST_HOST = "$(BUILT_PRODUCTS_DIR)/NotifyMe.app/NotifyMe";
			};
			name = Release;
		};
		9B0E04A1214EAF43004D28B4 /* Debug */ = {
			isa = XCBuildConfiguration;
			buildSettings = {
				ALWAYS_EMBED_SWIFT_STANDARD_LIBRARIES = YES;
				CODE_SIGN_STYLE = Automatic;
				DEVELOPMENT_TEAM = 3GCPX5WR37;
				INFOPLIST_FILE = NotifyMeUITests/Info.plist;
				LD_RUNPATH_SEARCH_PATHS = (
					"$(inherited)",
					"@executable_path/Frameworks",
					"@loader_path/Frameworks",
				);
				PRODUCT_BUNDLE_IDENTIFIER = com.NotifyMeUITests;
				PRODUCT_NAME = "$(TARGET_NAME)";
				SWIFT_VERSION = 4.0;
				TARGETED_DEVICE_FAMILY = "1,2";
				TEST_TARGET_NAME = NotifyMe;
			};
			name = Debug;
		};
		9B0E04A2214EAF43004D28B4 /* Release */ = {
			isa = XCBuildConfiguration;
			buildSettings = {
				ALWAYS_EMBED_SWIFT_STANDARD_LIBRARIES = YES;
				CODE_SIGN_STYLE = Automatic;
				DEVELOPMENT_TEAM = 3GCPX5WR37;
				INFOPLIST_FILE = NotifyMeUITests/Info.plist;
				LD_RUNPATH_SEARCH_PATHS = (
					"$(inherited)",
					"@executable_path/Frameworks",
					"@loader_path/Frameworks",
				);
				PRODUCT_BUNDLE_IDENTIFIER = com.NotifyMeUITests;
				PRODUCT_NAME = "$(TARGET_NAME)";
				SWIFT_VERSION = 4.0;
				TARGETED_DEVICE_FAMILY = "1,2";
				TEST_TARGET_NAME = NotifyMe;
			};
			name = Release;
		};
/* End XCBuildConfiguration section */

/* Begin XCConfigurationList section */
		9B0E046A214EAF41004D28B4 /* Build configuration list for PBXProject "NotifyMe" */ = {
			isa = XCConfigurationList;
			buildConfigurations = (
				9B0E0498214EAF43004D28B4 /* Debug */,
				9B0E0499214EAF43004D28B4 /* Release */,
			);
			defaultConfigurationIsVisible = 0;
			defaultConfigurationName = Release;
		};
		9B0E049A214EAF43004D28B4 /* Build configuration list for PBXNativeTarget "NotifyMe" */ = {
			isa = XCConfigurationList;
			buildConfigurations = (
				9B0E049B214EAF43004D28B4 /* Debug */,
				9B0E049C214EAF43004D28B4 /* Release */,
			);
			defaultConfigurationIsVisible = 0;
			defaultConfigurationName = Release;
		};
		9B0E049D214EAF43004D28B4 /* Build configuration list for PBXNativeTarget "NotifyMeTests" */ = {
			isa = XCConfigurationList;
			buildConfigurations = (
				9B0E049E214EAF43004D28B4 /* Debug */,
				9B0E049F214EAF43004D28B4 /* Release */,
			);
			defaultConfigurationIsVisible = 0;
			defaultConfigurationName = Release;
		};
		9B0E04A0214EAF43004D28B4 /* Build configuration list for PBXNativeTarget "NotifyMeUITests" */ = {
			isa = XCConfigurationList;
			buildConfigurations = (
				9B0E04A1214EAF43004D28B4 /* Debug */,
				9B0E04A2214EAF43004D28B4 /* Release */,
			);
			defaultConfigurationIsVisible = 0;
			defaultConfigurationName = Release;
		};
/* End XCConfigurationList section */

/* Begin XCVersionGroup section */
		9B0E0479214EAF41004D28B4 /* NotifyMe.xcdatamodeld */ = {
			isa = XCVersionGroup;
			children = (
				9B0E047A214EAF41004D28B4 /* NotifyMe.xcdatamodel */,
			);
			currentVersion = 9B0E047A214EAF41004D28B4 /* NotifyMe.xcdatamodel */;
			path = NotifyMe.xcdatamodeld;
			sourceTree = "<group>";
			versionGroupType = wrapper.xcdatamodel;
		};
/* End XCVersionGroup section */
	};
	rootObject = 9B0E0467214EAF41004D28B4 /* Project object */;
}
